
Microsoft Visual Studio Solution File, Format Version 12.00
# Visual Studio 2013
VisualStudioVersion = 12.0.31101.0
MinimumVisualStudioVersion = 10.0.40219.1
Project("{FAE04EC0-301F-11D3-BF4B-00C04F79EFBC}") = "DomainClasses", "DomainClasses\DomainClasses.csproj", "{81F08C1D-7AAB-473A-B6B2-C0EB4E1F3F51}"
EndProject
Project("{FAE04EC0-301F-11D3-BF4B-00C04F79EFBC}") = "DataAccessLayer", "DataAccessLayer\DataAccessLayer.csproj", "{1548D22F-BE2E-4EA2-9963-43C5ED93B85A}"
EndProject
Project("{FAE04EC0-301F-11D3-BF4B-00C04F79EFBC}") = "BlogWebApi", "BlogWebApi\BlogWebApi.csproj", "{DBD4567D-5B07-45BA-8BB5-D8BCF3C75E03}"
EndProject
Global
	GlobalSection(SolutionConfigurationPlatforms) = preSolution
		Debug|Any CPU = Debug|Any CPU
		Release|Any CPU = Release|Any CPU
	EndGlobalSection
	GlobalSection(ProjectConfigurationPlatforms) = postSolution
		{81F08C1D-7AAB-473A-B6B2-C0EB4E1F3F51}.Debug|Any CPU.ActiveCfg = Debug|Any CPU
		{81F08C1D-7AAB-473A-B6B2-C0EB4E1F3F51}.Debug|Any CPU.Build.0 = Debug|Any CPU
		{81F08C1D-7AAB-473A-B6B2-C0EB4E1F3F51}.Release|Any CPU.ActiveCfg = Release|Any CPU
		{81F08C1D-7AAB-473A-B6B2-C0EB4E1F3F51}.Release|Any CPU.Build.0 = Release|Any CPU
		{1548D22F-BE2E-4EA2-9963-43C5ED93B85A}.Debug|Any CPU.ActiveCfg = Debug|Any CPU
		{1548D22F-BE2E-4EA2-9963-43C5ED93B85A}.Debug|Any CPU.Build.0 = Debug|Any CPU
		{1548D22F-BE2E-4EA2-9963-43C5ED93B85A}.Release|Any CPU.ActiveCfg = Release|Any CPU
		{1548D22F-BE2E-4EA2-9963-43C5ED93B85A}.Release|Any CPU.Build.0 = Release|Any CPU
		{DBD4567D-5B07-45BA-8BB5-D8BCF3C75E03}.Debug|Any CPU.ActiveCfg = Debug|Any CPU
		{DBD4567D-5B07-45BA-8BB5-D8BCF3C75E03}.Debug|Any CPU.Build.0 = Debug|Any CPU
		{DBD4567D-5B07-45BA-8BB5-D8BCF3C75E03}.Release|Any CPU.ActiveCfg = Release|Any CPU
		{DBD4567D-5B07-45BA-8BB5-D8BCF3C75E03}.Release|Any CPU.Build.0 = Release|Any CPU
	EndGlobalSection
	GlobalSection(SolutionProperties) = preSolution
		HideSolutionNode = FALSE
	EndGlobalSection
EndGlobal
